
Microsoft Visual Studio Solution File, Format Version 12.00
# Visual Studio Express 2013 for Windows Desktop
VisualStudioVersion = 12.0.21005.1
MinimumVisualStudioVersion = 10.0.40219.1
Project("{FAE04EC0-301F-11D3-BF4B-00C04F79EFBC}") = "NavUtilLib", "NavUtilLib\NavUtilLib.csproj", "{647510F3-2DFF-43BE-9B31-86D83E540BB9}"
EndProject
Project("{FAE04EC0-301F-11D3-BF4B-00C04F79EFBC}") = "NavUtilRPM", "RPM\NavUtilRPM.csproj", "{C2C23187-A2E4-45FC-B0C4-3C0793B8594E}"
EndProject
Project("{FAE04EC0-301F-11D3-BF4B-00C04F79EFBC}") = "AircraftAutoPilot", "AircraftAutoPilot\AircraftAutoPilot.csproj", "{0952AB77-FC7F-474E-9EA3-28C295229AD4}"
EndProject
Project("{FAE04EC0-301F-11D3-BF4B-00C04F79EFBC}") = "NavUtilToolBar", "StandAlone\NavUtilToolBar.csproj", "{837BDF09-DB12-45B3-B32A-0F557BAD2856}"
EndProject
Global
	GlobalSection(SolutionConfigurationPlatforms) = preSolution
		Debug|Any CPU = Debug|Any CPU
		Release|Any CPU = Release|Any CPU
	EndGlobalSection
	GlobalSection(ProjectConfigurationPlatforms) = postSolution
		{647510F3-2DFF-43BE-9B31-86D83E540BB9}.Debug|Any CPU.ActiveCfg = Debug|Any CPU
		{647510F3-2DFF-43BE-9B31-86D83E540BB9}.Debug|Any CPU.Build.0 = Debug|Any CPU
		{647510F3-2DFF-43BE-9B31-86D83E540BB9}.Release|Any CPU.ActiveCfg = Release|Any CPU
		{647510F3-2DFF-43BE-9B31-86D83E540BB9}.Release|Any CPU.Build.0 = Release|Any CPU
		{C2C23187-A2E4-45FC-B0C4-3C0793B8594E}.Debug|Any CPU.ActiveCfg = Debug|Any CPU
		{C2C23187-A2E4-45FC-B0C4-3C0793B8594E}.Debug|Any CPU.Build.0 = Debug|Any CPU
		{C2C23187-A2E4-45FC-B0C4-3C0793B8594E}.Release|Any CPU.ActiveCfg = Release|Any CPU
		{C2C23187-A2E4-45FC-B0C4-3C0793B8594E}.Release|Any CPU.Build.0 = Release|Any CPU
		{0952AB77-FC7F-474E-9EA3-28C295229AD4}.Debug|Any CPU.ActiveCfg = Debug|Any CPU
		{0952AB77-FC7F-474E-9EA3-28C295229AD4}.Debug|Any CPU.Build.0 = Debug|Any CPU
		{0952AB77-FC7F-474E-9EA3-28C295229AD4}.Release|Any CPU.ActiveCfg = Release|Any CPU
		{0952AB77-FC7F-474E-9EA3-28C295229AD4}.Release|Any CPU.Build.0 = Release|Any CPU
		{837BDF09-DB12-45B3-B32A-0F557BAD2856}.Debug|Any CPU.ActiveCfg = Debug|Any CPU
		{837BDF09-DB12-45B3-B32A-0F557BAD2856}.Debug|Any CPU.Build.0 = Debug|Any CPU
		{837BDF09-DB12-45B3-B32A-0F557BAD2856}.Release|Any CPU.ActiveCfg = Release|Any CPU
		{837BDF09-DB12-45B3-B32A-0F557BAD2856}.Release|Any CPU.Build.0 = Release|Any CPU
	EndGlobalSection
	GlobalSection(SolutionProperties) = preSolution
		HideSolutionNode = FALSE
	EndGlobalSection
EndGlobal
